
Microsoft Visual Studio Solution File, Format Version 12.00
# Visual Studio Version 16
VisualStudioVersion = 16.0.31321.278
MinimumVisualStudioVersion = 10.0.40219.1
Project("{9A19103F-16F7-4668-BE54-9A1E7A4F7556}") = "TransmissionAdd", "TransmissionAdd\TransmissionAdd.csproj", "{07DD9906-ABA1-401C-B42F-AF35CFEAA972}"
EndProject
Project("{54435603-DBB4-11D2-8724-00A0C9A8B90C}") = "TransmissionAdd_Installer", "TransmissionAdd_Installer\TransmissionAdd_Installer.vdproj", "{F27D5487-FB58-415C-8453-41DBAB97EEE6}"
EndProject
Global
	GlobalSection(SolutionConfigurationPlatforms) = preSolution
		Debug|Any CPU = Debug|Any CPU
		Release|Any CPU = Release|Any CPU
	EndGlobalSection
	GlobalSection(ProjectConfigurationPlatforms) = postSolution
		{07DD9906-ABA1-401C-B42F-AF35CFEAA972}.Debug|Any CPU.ActiveCfg = Debug|Any CPU
		{07DD9906-ABA1-401C-B42F-AF35CFEAA972}.Debug|Any CPU.Build.0 = Debug|Any CPU
		{07DD9906-ABA1-401C-B42F-AF35CFEAA972}.Release|Any CPU.ActiveCfg = Release|Any CPU
		{07DD9906-ABA1-401C-B42F-AF35CFEAA972}.Release|Any CPU.Build.0 = Release|Any CPU
		{F27D5487-FB58-415C-8453-41DBAB97EEE6}.Debug|Any CPU.ActiveCfg = Debug
		{F27D5487-FB58-415C-8453-41DBAB97EEE6}.Release|Any CPU.ActiveCfg = Release
	EndGlobalSection
	GlobalSection(SolutionProperties) = preSolution
		HideSolutionNode = FALSE
	EndGlobalSection
	GlobalSection(ExtensibilityGlobals) = postSolution
		SolutionGuid = {EF52C6F6-50EC-4382-A321-6093ABCF117C}
	EndGlobalSection
EndGlobal
